// !$*UTF8*$!
{
	archiveVersion = 1;
	classes = {
	};
	objectVersion = 56;
	objects = {

/* Begin PBXBuildFile section */
		854D3DE829FB72DD006B4E63 /* ContentView.swift in Sources */ = {isa = PBXBuildFile; fileRef = 854D3DE729FB72DD006B4E63 /* ContentView.swift */; };
		854D3DEA29FBAB30006B4E63 /* ItemDataModel.swift in Sources */ = {isa = PBXBuildFile; fileRef = 854D3DE929FBAB30006B4E63 /* ItemDataModel.swift */; };
		854D3DEC29FBAB42006B4E63 /* GlobalObjectData.swift in Sources */ = {isa = PBXBuildFile; fileRef = 854D3DEB29FBAB42006B4E63 /* GlobalObjectData.swift */; };
		85ACDEA329EFE9AA00F3C71D /* swift_data_cycleApp.swift in Sources */ = {isa = PBXBuildFile; fileRef = 85ACDEA229EFE9AA00F3C71D /* swift_data_cycleApp.swift */; };
		85ACDEA729EFE9AC00F3C71D /* Assets.xcassets in Resources */ = {isa = PBXBuildFile; fileRef = 85ACDEA629EFE9AC00F3C71D /* Assets.xcassets */; };
		85ACDEAA29EFE9AC00F3C71D /* Preview Assets.xcassets in Resources */ = {isa = PBXBuildFile; fileRef = 85ACDEA929EFE9AC00F3C71D /* Preview Assets.xcassets */; };
		85ACDEB429EFE9C800F3C71D /* Layer1.swift in Sources */ = {isa = PBXBuildFile; fileRef = 85ACDEB029EFE9C700F3C71D /* Layer1.swift */; };
		85ACDEB529EFE9C800F3C71D /* Layer2.swift in Sources */ = {isa = PBXBuildFile; fileRef = 85ACDEB129EFE9C800F3C71D /* Layer2.swift */; };
		85ACDEB629EFE9C800F3C71D /* Detail.swift in Sources */ = {isa = PBXBuildFile; fileRef = 85ACDEB229EFE9C800F3C71D /* Detail.swift */; };
/* End PBXBuildFile section */

/* Begin PBXFileReference section */
		854D3DE729FB72DD006B4E63 /* ContentView.swift */ = {isa = PBXFileReference; lastKnownFileType = sourcecode.swift; path = ContentView.swift; sourceTree = "<group>"; };
		854D3DE929FBAB30006B4E63 /* ItemDataModel.swift */ = {isa = PBXFileReference; lastKnownFileType = sourcecode.swift; path = ItemDataModel.swift; sourceTree = "<group>"; };
		854D3DEB29FBAB42006B4E63 /* GlobalObjectData.swift */ = {isa = PBXFileReference; lastKnownFileType = sourcecode.swift; path = GlobalObjectData.swift; sourceTree = "<group>"; };
		85ACDE9F29EFE9AA00F3C71D /* swift-data-cycle.app */ = {isa = PBXFileReference; explicitFileType = wrapper.application; includeInIndex = 0; path = "swift-data-cycle.app"; sourceTree = BUILT_PRODUCTS_DIR; };
		85ACDEA229EFE9AA00F3C71D /* swift_data_cycleApp.swift */ = {isa = PBXFileReference; lastKnownFileType = sourcecode.swift; path = swift_data_cycleApp.swift; sourceTree = "<group>"; };
		85ACDEA629EFE9AC00F3C71D /* Assets.xcassets */ = {isa = PBXFileReference; lastKnownFileType = folder.assetcatalog; path = Assets.xcassets; sourceTree = "<group>"; };
		85ACDEA929EFE9AC00F3C71D /* Preview Assets.xcassets */ = {isa = PBXFileReference; lastKnownFileType = folder.assetcatalog; path = "Preview Assets.xcassets"; sourceTree = "<group>"; };
		85ACDEB029EFE9C700F3C71D /* Layer1.swift */ = {isa = PBXFileReference; fileEncoding = 4; lastKnownFileType = sourcecode.swift; path = Layer1.swift; sourceTree = "<group>"; };
		85ACDEB129EFE9C800F3C71D /* Layer2.swift */ = {isa = PBXFileReference; fileEncoding = 4; lastKnownFileType = sourcecode.swift; path = Layer2.swift; sourceTree = "<group>"; };
		85ACDEB229EFE9C800F3C71D /* Detail.swift */ = {isa = PBXFileReference; fileEncoding = 4; lastKnownFileType = sourcecode.swift; path = Detail.swift; sourceTree = "<group>"; };
/* End PBXFileReference section */

/* Begin PBXFrameworksBuildPhase section */
		85ACDE9C29EFE9AA00F3C71D /* Frameworks */ = {
			isa = PBXFrameworksBuildPhase;
			buildActionMask = 2147483647;
			files = (
			);
			runOnlyForDeploymentPostprocessing = 0;
		};
/* End PBXFrameworksBuildPhase section */

/* Begin PBXGroup section */
		85ACDE9629EFE9AA00F3C71D = {
			isa = PBXGroup;
			children = (
				85ACDEA129EFE9AA00F3C71D /* swift-data-cycle */,
				85ACDEA029EFE9AA00F3C71D /* Products */,
			);
			sourceTree = "<group>";
		};
		85ACDEA029EFE9AA00F3C71D /* Products */ = {
			isa = PBXGroup;
			children = (
				85ACDE9F29EFE9AA00F3C71D /* swift-data-cycle.app */,
			);
			name = Products;
			sourceTree = "<group>";
		};
		85ACDEA129EFE9AA00F3C71D /* swift-data-cycle */ = {
			isa = PBXGroup;
			children = (
				85ACDEA229EFE9AA00F3C71D /* swift_data_cycleApp.swift */,
				854D3DE729FB72DD006B4E63 /* ContentView.swift */,
				854D3DE929FBAB30006B4E63 /* ItemDataModel.swift */,
				854D3DEB29FBAB42006B4E63 /* GlobalObjectData.swift */,
				85ACDEB229EFE9C800F3C71D /* Detail.swift */,
				85ACDEB029EFE9C700F3C71D /* Layer1.swift */,
				85ACDEB129EFE9C800F3C71D /* Layer2.swift */,
				85ACDEA629EFE9AC00F3C71D /* Assets.xcassets */,
				85ACDEA829EFE9AC00F3C71D /* Preview Content */,
			);
			path = "swift-data-cycle";
			sourceTree = "<group>";
		};
		85ACDEA829EFE9AC00F3C71D /* Preview Content */ = {
			isa = PBXGroup;
			children = (
				85ACDEA929EFE9AC00F3C71D /* Preview Assets.xcassets */,
			);
			path = "Preview Content";
			sourceTree = "<group>";
		};
/* End PBXGroup section */

/* Begin PBXNativeTarget section */
		85ACDE9E29EFE9AA00F3C71D /* swift-data-cycle */ = {
			isa = PBXNativeTarget;
			buildConfigurationList = 85ACDEAD29EFE9AC00F3C71D /* Build configuration list for PBXNativeTarget "swift-data-cycle" */;
			buildPhases = (
				85ACDE9B29EFE9AA00F3C71D /* Sources */,
				85ACDE9C29EFE9AA00F3C71D /* Frameworks */,
				85ACDE9D29EFE9AA00F3C71D /* Resources */,
			);
			buildRules = (
			);
			dependencies = (
			);
			name = "swift-data-cycle";
			productName = "swift-data-cycle";
			productReference = 85ACDE9F29EFE9AA00F3C71D /* swift-data-cycle.app */;
			productType = "com.apple.product-type.application";
		};
/* End PBXNativeTarget section */

/* Begin PBXProject section */
		85ACDE9729EFE9AA00F3C71D /* Project object */ = {
			isa = PBXProject;
			attributes = {
				BuildIndependentTargetsInParallel = 1;
				LastSwiftUpdateCheck = 1420;
				LastUpgradeCheck = 1420;
				TargetAttributes = {
					85ACDE9E29EFE9AA00F3C71D = {
						CreatedOnToolsVersion = 14.2;
					};
				};
			};
			buildConfigurationList = 85ACDE9A29EFE9AA00F3C71D /* Build configuration list for PBXProject "swift-data-cycle" */;
			compatibilityVersion = "Xcode 14.0";
			developmentRegion = en;
			hasScannedForEncodings = 0;
			knownRegions = (
				en,
				Base,
			);
			mainGroup = 85ACDE9629EFE9AA00F3C71D;
			productRefGroup = 85ACDEA029EFE9AA00F3C71D /* Products */;
			projectDirPath = "";
			projectRoot = "";
			targets = (
				85ACDE9E29EFE9AA00F3C71D /* swift-data-cycle */,
			);
		};
/* End PBXProject section */

/* Begin PBXResourcesBuildPhase section */
		85ACDE9D29EFE9AA00F3C71D /* Resources */ = {
			isa = PBXResourcesBuildPhase;
			buildActionMask = 2147483647;
			files = (
				85ACDEAA29EFE9AC00F3C71D /* Preview Assets.xcassets in Resources */,
				85ACDEA729EFE9AC00F3C71D /* Assets.xcassets in Resources */,
			);
			runOnlyForDeploymentPostprocessing = 0;
		};
/* End PBXResourcesBuildPhase section */

/* Begin PBXSourcesBuildPhase section */
		85ACDE9B29EFE9AA00F3C71D /* Sources */ = {
			isa = PBXSourcesBuildPhase;
			buildActionMask = 2147483647;
			files = (
				85ACDEB629EFE9C800F3C71D /* Detail.swift in Sources */,
				854D3DE829FB72DD006B4E63 /* ContentView.swift in Sources */,
				85ACDEB429EFE9C800F3C71D /* Layer1.swift in Sources */,
				854D3DEC29FBAB42006B4E63 /* GlobalObjectData.swift in Sources */,
				85ACDEB529EFE9C800F3C71D /* Layer2.swift in Sources */,
				85ACDEA329EFE9AA00F3C71D /* swift_data_cycleApp.swift in Sources */,
				854D3DEA29FBAB30006B4E63 /* ItemDataModel.swift in Sources */,
			);
			runOnlyForDeploymentPostprocessing = 0;
		};
/* End PBXSourcesBuildPhase section */

/* Begin XCBuildConfiguration section */
		85ACDEAB29EFE9AC00F3C71D /* Debug */ = {
			isa = XCBuildConfiguration;
			buildSettings = {
				ALWAYS_SEARCH_USER_PATHS = NO;
				CLANG_ANALYZER_NONNULL = YES;
				CLANG_ANALYZER_NUMBER_OBJECT_CONVERSION = YES_AGGRESSIVE;
				CLANG_CXX_LANGUAGE_STANDARD = "gnu++20";
				CLANG_ENABLE_MODULES = YES;
				CLANG_ENABLE_OBJC_ARC = YES;
				CLANG_ENABLE_OBJC_WEAK = YES;
				CLANG_WARN_BLOCK_CAPTURE_AUTORELEASING = YES;
				CLANG_WARN_BOOL_CONVERSION = YES;
				CLANG_WARN_COMMA = YES;
				CLANG_WARN_CONSTANT_CONVERSION = YES;
				CLANG_WARN_DEPRECATED_OBJC_IMPLEMENTATIONS = YES;
				CLANG_WARN_DIRECT_OBJC_ISA_USAGE = YES_ERROR;
				CLANG_WARN_DOCUMENTATION_COMMENTS = YES;
				CLANG_WARN_EMPTY_BODY = YES;
				CLANG_WARN_ENUM_CONVERSION = YES;
				CLANG_WARN_INFINITE_RECURSION = YES;
				CLANG_WARN_INT_CONVERSION = YES;
				CLANG_WARN_NON_LITERAL_NULL_CONVERSION = YES;
				CLANG_WARN_OBJC_IMPLICIT_RETAIN_SELF = YES;
				CLANG_WARN_OBJC_LITERAL_CONVERSION = YES;
				CLANG_WARN_OBJC_ROOT_CLASS = YES_ERROR;
				CLANG_WARN_QUOTED_INCLUDE_IN_FRAMEWORK_HEADER = YES;
				CLANG_WARN_RANGE_LOOP_ANALYSIS = YES;
				CLANG_WARN_STRICT_PROTOTYPES = YES;
				CLANG_WARN_SUSPICIOUS_MOVE = YES;
				CLANG_WARN_UNGUARDED_AVAILABILITY = YES_AGGRESSIVE;
				CLANG_WARN_UNREACHABLE_CODE = YES;
				CLANG_WARN__DUPLICATE_METHOD_MATCH = YES;
				COPY_PHASE_STRIP = NO;
				DEBUG_INFORMATION_FORMAT = dwarf;
				ENABLE_STRICT_OBJC_MSGSEND = YES;
				ENABLE_TESTABILITY = YES;
				GCC_C_LANGUAGE_STANDARD = gnu11;
				GCC_DYNAMIC_NO_PIC = NO;
				GCC_NO_COMMON_BLOCKS = YES;
				GCC_OPTIMIZATION_LEVEL = 0;
				GCC_PREPROCESSOR_DEFINITIONS = (
					"DEBUG=1",
					"$(inherited)",
				);
				GCC_WARN_64_TO_32_BIT_CONVERSION = YES;
				GCC_WARN_ABOUT_RETURN_TYPE = YES_ERROR;
				GCC_WARN_UNDECLARED_SELECTOR = YES;
				GCC_WARN_UNINITIALIZED_AUTOS = YES_AGGRESSIVE;
				GCC_WARN_UNUSED_FUNCTION = YES;
				GCC_WARN_UNUSED_VARIABLE = YES;
				IPHONEOS_DEPLOYMENT_TARGET = 16.2;
				MTL_ENABLE_DEBUG_INFO = INCLUDE_SOURCE;
				MTL_FAST_MATH = YES;
				ONLY_ACTIVE_ARCH = YES;
				SDKROOT = iphoneos;
				SWIFT_ACTIVE_COMPILATION_CONDITIONS = DEBUG;
				SWIFT_OPTIMIZATION_LEVEL = "-Onone";
			};
			name = Debug;
		};
		85ACDEAC29EFE9AC00F3C71D /* Release */ = {
			isa = XCBuildConfiguration;
			buildSettings = {
				ALWAYS_SEARCH_USER_PATHS = NO;
				CLANG_ANALYZER_NONNULL = YES;
				CLANG_ANALYZER_NUMBER_OBJECT_CONVERSION = YES_AGGRESSIVE;
				CLANG_CXX_LANGUAGE_STANDARD = "gnu++20";
				CLANG_ENABLE_MODULES = YES;
				CLANG_ENABLE_OBJC_ARC = YES;
				CLANG_ENABLE_OBJC_WEAK = YES;
				CLANG_WARN_BLOCK_CAPTURE_AUTORELEASING = YES;
				CLANG_WARN_BOOL_CONVERSION = YES;
				CLANG_WARN_COMMA = YES;
				CLANG_WARN_CONSTANT_CONVERSION = YES;
				CLANG_WARN_DEPRECATED_OBJC_IMPLEMENTATIONS = YES;
				CLANG_WARN_DIRECT_OBJC_ISA_USAGE = YES_ERROR;
				CLANG_WARN_DOCUMENTATION_COMMENTS = YES;
				CLANG_WARN_EMPTY_BODY = YES;
				CLANG_WARN_ENUM_CONVERSION = YES;
				CLANG_WARN_INFINITE_RECURSION = YES;
				CLANG_WARN_INT_CONVERSION = YES;
				CLANG_WARN_NON_LITERAL_NULL_CONVERSION = YES;
				CLANG_WARN_OBJC_IMPLICIT_RETAIN_SELF = YES;
				CLANG_WARN_OBJC_LITERAL_CONVERSION = YES;
				CLANG_WARN_OBJC_ROOT_CLASS = YES_ERROR;
				CLANG_WARN_QUOTED_INCLUDE_IN_FRAMEWORK_HEADER = YES;
				CLANG_WARN_RANGE_LOOP_ANALYSIS = YES;
				CLANG_WARN_STRICT_PROTOTYPES = YES;
				CLANG_WARN_SUSPICIOUS_MOVE = YES;
				CLANG_WARN_UNGUARDED_AVAILABILITY = YES_AGGRESSIVE;
				CLANG_WARN_UNREACHABLE_CODE = YES;
				CLANG_WARN__DUPLICATE_METHOD_MATCH = YES;
				COPY_PHASE_STRIP = NO;
				DEBUG_INFORMATION_FORMAT = "dwarf-with-dsym";
				ENABLE_NS_ASSERTIONS = NO;
				ENABLE_STRICT_OBJC_MSGSEND = YES;
				GCC_C_LANGUAGE_STANDARD = gnu11;
				GCC_NO_COMMON_BLOCKS = YES;
				GCC_WARN_64_TO_32_BIT_CONVERSION = YES;
				GCC_WARN_ABOUT_RETURN_TYPE = YES_ERROR;
				GCC_WARN_UNDECLARED_SELECTOR = YES;
				GCC_WARN_UNINITIALIZED_AUTOS = YES_AGGRESSIVE;
				GCC_WARN_UNUSED_FUNCTION = YES;
				GCC_WARN_UNUSED_VARIABLE = YES;
				IPHONEOS_DEPLOYMENT_TARGET = 16.2;
				MTL_ENABLE_DEBUG_INFO = NO;
				MTL_FAST_MATH = YES;
				SDKROOT = iphoneos;
				SWIFT_COMPILATION_MODE = wholemodule;
				SWIFT_OPTIMIZATION_LEVEL = "-O";
				VALIDATE_PRODUCT = YES;
			};
			name = Release;
		};
		85ACDEAE29EFE9AC00F3C71D /* Debug */ = {
			isa = XCBuildConfiguration;
			buildSettings = {
				ASSETCATALOG_COMPILER_APPICON_NAME = AppIcon;
				ASSETCATALOG_COMPILER_GLOBAL_ACCENT_COLOR_NAME = AccentColor;
				CODE_SIGN_STYLE = Automatic;
				CURRENT_PROJECT_VERSION = 1;
				DEVELOPMENT_ASSET_PATHS = "\"swift-data-cycle/Preview Content\"";
				DEVELOPMENT_TEAM = V4597PNUQD;
				ENABLE_PREVIEWS = YES;
				GENERATE_INFOPLIST_FILE = YES;
				INFOPLIST_KEY_UIApplicationSceneManifest_Generation = YES;
				INFOPLIST_KEY_UIApplicationSupportsIndirectInputEvents = YES;
				INFOPLIST_KEY_UILaunchScreen_Generation = YES;
				INFOPLIST_KEY_UISupportedInterfaceOrientations_iPad = "UIInterfaceOrientationPortrait UIInterfaceOrientationPortraitUpsideDown UIInterfaceOrientationLandscapeLeft UIInterfaceOrientationLandscapeRight";
				INFOPLIST_KEY_UISupportedInterfaceOrientations_iPhone = "UIInterfaceOrientationPortrait UIInterfaceOrientationLandscapeLeft UIInterfaceOrientationLandscapeRight";
				LD_RUNPATH_SEARCH_PATHS = (
					"$(inherited)",
					"@executable_path/Frameworks",
				);
				MARKETING_VERSION = 1.0;
				PRODUCT_BUNDLE_IDENTIFIER = "swift-data-cycle.swift-data-cycle";
				PRODUCT_NAME = "$(TARGET_NAME)";
				SWIFT_EMIT_LOC_STRINGS = YES;
				SWIFT_VERSION = 5.0;
				TARGETED_DEVICE_FAMILY = "1,2";
			};
			name = Debug;
		};
		85ACDEAF29EFE9AC00F3C71D /* Release */ = {
			isa = XCBuildConfiguration;
			buildSettings = {
				ASSETCATALOG_COMPILER_APPICON_NAME = AppIcon;
				ASSETCATALOG_COMPILER_GLOBAL_ACCENT_COLOR_NAME = AccentColor;
				CODE_SIGN_STYLE = Automatic;
				CURRENT_PROJECT_VERSION = 1;
				DEVELOPMENT_ASSET_PATHS = "\"swift-data-cycle/Preview Content\"";
				DEVELOPMENT_TEAM = V4597PNUQD;
				ENABLE_PREVIEWS = YES;
				GENERATE_INFOPLIST_FILE = YES;
				INFOPLIST_KEY_UIApplicationSceneManifest_Generation = YES;
				INFOPLIST_KEY_UIApplicationSupportsIndirectInputEvents = YES;
				INFOPLIST_KEY_UILaunchScreen_Generation = YES;
				INFOPLIST_KEY_UISupportedInterfaceOrientations_iPad = "UIInterfaceOrientationPortrait UIInterfaceOrientationPortraitUpsideDown UIInterfaceOrientationLandscapeLeft UIInterfaceOrientationLandscapeRight";
				INFOPLIST_KEY_UISupportedInterfaceOrientations_iPhone = "UIInterfaceOrientationPortrait UIInterfaceOrientationLandscapeLeft UIInterfaceOrientationLandscapeRight";
				LD_RUNPATH_SEARCH_PATHS = (
					"$(inherited)",
					"@executable_path/Frameworks",
				);
				MARKETING_VERSION = 1.0;
				PRODUCT_BUNDLE_IDENTIFIER = "swift-data-cycle.swift-data-cycle";
				PRODUCT_NAME = "$(TARGET_NAME)";
				SWIFT_EMIT_LOC_STRINGS = YES;
				SWIFT_VERSION = 5.0;
				TARGETED_DEVICE_FAMILY = "1,2";
			};
			name = Release;
		};
/* End XCBuildConfiguration section */

/* Begin XCConfigurationList section */
		85ACDE9A29EFE9AA00F3C71D /* Build configuration list for PBXProject "swift-data-cycle" */ = {
			isa = XCConfigurationList;
			buildConfigurations = (
				85ACDEAB29EFE9AC00F3C71D /* Debug */,
				85ACDEAC29EFE9AC00F3C71D /* Release */,
			);
			defaultConfigurationIsVisible = 0;
			defaultConfigurationName = Release;
		};
		85ACDEAD29EFE9AC00F3C71D /* Build configuration list for PBXNativeTarget "swift-data-cycle" */ = {
			isa = XCConfigurationList;
			buildConfigurations = (
				85ACDEAE29EFE9AC00F3C71D /* Debug */,
				85ACDEAF29EFE9AC00F3C71D /* Release */,
			);
			defaultConfigurationIsVisible = 0;
			defaultConfigurationName = Release;
		};
/* End XCConfigurationList section */
	};
	rootObject = 85ACDE9729EFE9AA00F3C71D /* Project object */;
}
